# This file is automatically @generated by Poetry and should not be changed by hand.

[[package]]
name = "hupper"
version = "1.11"
description = "Integrated process monitor for developing and reloading daemons."
category = "main"
optional = false
python-versions = ">=3.7"
files = [
    {file = "hupper-1.11-py3-none-any.whl", hash = "sha256:2ae554e0fb7daf4cbd37a8c7e0419f6974614095a41a4529ad35fe3067b408a4"},
    {file = "hupper-1.11.tar.gz", hash = "sha256:15c11bd775d8f98095b745b4e658a17c25c86e3b73275cae896ac1c8d533cb18"},
]

[package.extras]
docs = ["Sphinx", "pylons-sphinx-themes", "watchdog"]
testing = ["mock", "pytest", "pytest-cov", "watchdog"]

[metadata]
lock-version = "2.0"
python-versions = "^3.11"
content-hash = "c57f73b461ffafeaea84a76ea6b93c92bd6e3636bb01e78a2a8b72e6c0e6f0c6"
